
Microsoft Visual Studio Solution File, Format Version 12.00
# Visual Studio Version 16
VisualStudioVersion = 16.0.31112.23
MinimumVisualStudioVersion = 10.0.40219.1
Project("{9A19103F-16F7-4668-BE54-9A1E7A4F7556}") = "AsyncExample", "AsyncExample\AsyncExample.csproj", "{1F8D2B82-230E-4E36-B104-E6F2893A222D}"
EndProject
Project("{FAE04EC0-301F-11D3-BF4B-00C04F79EFBC}") = "ApiAsyncExample", "ApiAsyncExample\ApiAsyncExample.csproj", "{652090D3-D011-4BF5-B945-CF486FA0722A}"
EndProject
Global
	GlobalSection(SolutionConfigurationPlatforms) = preSolution
		Debug|Any CPU = Debug|Any CPU
		Release|Any CPU = Release|Any CPU
	EndGlobalSection
	GlobalSection(ProjectConfigurationPlatforms) = postSolution
		{1F8D2B82-230E-4E36-B104-E6F2893A222D}.Debug|Any CPU.ActiveCfg = Debug|Any CPU
		{1F8D2B82-230E-4E36-B104-E6F2893A222D}.Debug|Any CPU.Build.0 = Debug|Any CPU
		{1F8D2B82-230E-4E36-B104-E6F2893A222D}.Release|Any CPU.ActiveCfg = Release|Any CPU
		{1F8D2B82-230E-4E36-B104-E6F2893A222D}.Release|Any CPU.Build.0 = Release|Any CPU
		{652090D3-D011-4BF5-B945-CF486FA0722A}.Debug|Any CPU.ActiveCfg = Debug|Any CPU
		{652090D3-D011-4BF5-B945-CF486FA0722A}.Debug|Any CPU.Build.0 = Debug|Any CPU
		{652090D3-D011-4BF5-B945-CF486FA0722A}.Release|Any CPU.ActiveCfg = Release|Any CPU
		{652090D3-D011-4BF5-B945-CF486FA0722A}.Release|Any CPU.Build.0 = Release|Any CPU
	EndGlobalSection
	GlobalSection(SolutionProperties) = preSolution
		HideSolutionNode = FALSE
	EndGlobalSection
	GlobalSection(ExtensibilityGlobals) = postSolution
		SolutionGuid = {16CB878F-3294-4D60-B1BD-67AE10075F85}
	EndGlobalSection
EndGlobal
